
Microsoft Visual Studio Solution File, Format Version 12.00
# Visual Studio Version 17
VisualStudioVersion = 17.8.34525.116
MinimumVisualStudioVersion = 10.0.40219.1
Project("{FAE04EC0-301F-11D3-BF4B-00C04F79EFBC}") = "switch", "switch\switch.csproj", "{59F95A91-6DC6-4A7F-8FE3-7C8F1A7AFDBD}"
EndProject
Global
	GlobalSection(SolutionConfigurationPlatforms) = preSolution
		Debug|Any CPU = Debug|Any CPU
		Release|Any CPU = Release|Any CPU
	EndGlobalSection
	GlobalSection(ProjectConfigurationPlatforms) = postSolution
		{59F95A91-6DC6-4A7F-8FE3-7C8F1A7AFDBD}.Debug|Any CPU.ActiveCfg = Debug|Any CPU
		{59F95A91-6DC6-4A7F-8FE3-7C8F1A7AFDBD}.Debug|Any CPU.Build.0 = Debug|Any CPU
		{59F95A91-6DC6-4A7F-8FE3-7C8F1A7AFDBD}.Release|Any CPU.ActiveCfg = Release|Any CPU
		{59F95A91-6DC6-4A7F-8FE3-7C8F1A7AFDBD}.Release|Any CPU.Build.0 = Release|Any CPU
	EndGlobalSection
	GlobalSection(SolutionProperties) = preSolution
		HideSolutionNode = FALSE
	EndGlobalSection
	GlobalSection(ExtensibilityGlobals) = postSolution
		SolutionGuid = {35AD24F1-0AEC-49EC-8DDD-47653DD60F3E}
	EndGlobalSection
EndGlobal
